
Microsoft Visual Studio Solution File, Format Version 12.00
# Visual Studio 15
VisualStudioVersion = 15.0.28307.168
MinimumVisualStudioVersion = 10.0.40219.1
Project("{8BC9CEB8-8B4A-11D0-8D11-00A0C91BC942}") = "Algorithm Practice", "Algorithm Practice\Algorithm Practice.vcxproj", "{CD0AAD8C-43F0-4963-A6AC-60F24B7AEB93}"
EndProject
Project("{8BC9CEB8-8B4A-11D0-8D11-00A0C91BC942}") = "1.2 3의 배수 게임", "1.2 3의 배수 게임\1.2 3의 배수 게임.vcxproj", "{107B69DB-E67B-4E83-9595-17AA25516948}"
EndProject
Project("{8BC9CEB8-8B4A-11D0-8D11-00A0C91BC942}") = "1.3 선형탐색", "1.3 선형탐색\1.3 선형탐색.vcxproj", "{1684D44B-5A5D-46C5-828A-5DF37CDB741D}"
EndProject
Project("{8BC9CEB8-8B4A-11D0-8D11-00A0C91BC942}") = "1.4 Lower Bound", "1.4 lower bound\1.4 lower bound.vcxproj", "{3BA819FD-5325-43DB-B6B1-985D4242779B}"
EndProject
Project("{8BC9CEB8-8B4A-11D0-8D11-00A0C91BC942}") = "1.5 Upper Bound", "1.5 Upper Bound\1.5 Upper Bound.vcxproj", "{762E6DB2-6CBB-4514-8A98-1ED986346189}"
EndProject
Project("{8BC9CEB8-8B4A-11D0-8D11-00A0C91BC942}") = "2.1 비선형구조의 탐색 - 두더지굴", "2.1 비선형구조의 탐색 - 두더지굴\2.1 비선형구조의 탐색 - 두더지굴.vcxproj", "{4206966B-5BD5-46F2-B6E1-B04FDE0AB355}"
EndProject
Project("{8BC9CEB8-8B4A-11D0-8D11-00A0C91BC942}") = "2.2 N-Queen", "2.2 N-Queen\2.2 N-Queen.vcxproj", "{B829D4B9-99C4-46D3-BFC0-8F6929FA4036}"
EndProject
Project("{8BC9CEB8-8B4A-11D0-8D11-00A0C91BC942}") = "2.3 두더지굴 (bfs)", "2.3 두더지굴 (bfs)\2.3 두더지굴 (bfs).vcxproj", "{AFB23C89-98E2-4A3B-B9DE-06C76826129D}"
EndProject
Project("{8BC9CEB8-8B4A-11D0-8D11-00A0C91BC942}") = "2.4 미로(bfs)", "2.4 미로(bfs)\2.4 미로(bfs).vcxproj", "{AD102EF3-9E21-4029-8618-C81B61DC4023}"
EndProject
Project("{8BC9CEB8-8B4A-11D0-8D11-00A0C91BC942}") = "1.1 선형구조의 탐색 - 최대값", "1.1 선형구조의 탐색 - 최대값\1.1 선형구조의 탐색 - 최대값.vcxproj", "{EFB61AE2-EDDD-40CF-99ED-80BAAF54970D}"
EndProject
Project("{8BC9CEB8-8B4A-11D0-8D11-00A0C91BC942}") = "3.1 전체탐색 - 약수의 합", "3.1 전체탐색 - 약수의 합\3.1 전체탐색 - 약수의 합.vcxproj", "{5BACB3B9-2586-4B7E-9DF8-29689D98DF92}"
EndProject
Project("{8BC9CEB8-8B4A-11D0-8D11-00A0C91BC942}") = "3.1.1 약수 구하기", "3.1.1 약수 구하기\3.1.1 약수 구하기.vcxproj", "{B3294C95-97BD-428E-9BCC-D9052AF96CC8}"
EndProject
Project("{8BC9CEB8-8B4A-11D0-8D11-00A0C91BC942}") = "3.2 최댓값(격자)", "3.2 최댓값(격자)\3.2 최댓값(격자).vcxproj", "{2237C397-3549-40B5-98BC-3AA2CD2FFD89}"
EndProject
Project("{8BC9CEB8-8B4A-11D0-8D11-00A0C91BC942}") = "3.2.1 최소, 최대", "3.2.1 최소, 최대\3.2.1 최소, 최대.vcxproj", "{EDC95AD0-7299-41C5-B983-AEE0E909BCEF}"
EndProject
Project("{8BC9CEB8-8B4A-11D0-8D11-00A0C91BC942}") = "3.2.2 최댓값", "3.2.2 최댓값\3.2.2 최댓값.vcxproj", "{51AD5543-DB86-4DA8-9284-47EDE9F9F0AF}"
EndProject
Project("{8BC9CEB8-8B4A-11D0-8D11-00A0C91BC942}") = "3.3 삼각형", "3.3 삼각형\3.3 삼각형.vcxproj", "{4EAC0FFD-05D3-4F26-9DE2-0A2006E6851F}"
EndProject
Project("{8BC9CEB8-8B4A-11D0-8D11-00A0C91BC942}") = "3.4 고기잡이", "3.4 고기잡이\3.4 고기잡이.vcxproj", "{2CA73593-140E-4401-95FD-5820D045E720}"
EndProject
Project("{8BC9CEB8-8B4A-11D0-8D11-00A0C91BC942}") = "3.5 오목", "3.5 오목\3.5 오목.vcxproj", "{D9B17924-CDD5-4D80-B13E-E9B149312499}"
EndProject
Project("{8BC9CEB8-8B4A-11D0-8D11-00A0C91BC942}") = "3.6 외판원 순회", "3.6 외판원 순회\3.6 외판원 순회.vcxproj", "{65DA3761-6096-4545-BDE6-8B00FA29D582}"
EndProject
Project("{8BC9CEB8-8B4A-11D0-8D11-00A0C91BC942}") = "3.7 리모컨", "3.7 리모컨\3.7 리모컨.vcxproj", "{61851595-51B6-493E-B86D-BF98B00C1E2A}"
EndProject
Project("{8BC9CEB8-8B4A-11D0-8D11-00A0C91BC942}") = "3.8 오른편 절단가능 소수", "3.8 오른편 절단가능 소수\3.8 오른편 절단가능 소수.vcxproj", "{E6BAB5F4-3240-42CB-911B-6BF8FDFF1216}"
EndProject
Project("{8BC9CEB8-8B4A-11D0-8D11-00A0C91BC942}") = "3.9 minimum sum(S)", "3.9 minimum sum(S)\3.9 minimum sum(S).vcxproj", "{9AF3E7FA-DFEC-423F-B0C7-D37AB1848AB2}"
EndProject
Project("{8BC9CEB8-8B4A-11D0-8D11-00A0C91BC942}") = "3.10 앱", "3.10 앱\3.10 앱.vcxproj", "{51C7CF89-B0D2-4289-A514-6175D37F68E5}"
EndProject
Project("{8BC9CEB8-8B4A-11D0-8D11-00A0C91BC942}") = "3.11 치즈", "3.11 치즈\3.11 치즈.vcxproj", "{D2E5AB6C-D297-48CA-8C78-D07152C33B32}"
EndProject
Project("{8BC9CEB8-8B4A-11D0-8D11-00A0C91BC942}") = "3.12 치즈2", "3.12 치즈2\3.12 치즈2.vcxproj", "{40647987-6725-40F6-8DD2-7B7D11EB750E}"
EndProject
Project("{8BC9CEB8-8B4A-11D0-8D11-00A0C91BC942}") = "3.13 두 색 칠하기", "3.13 두 색 칠하기\3.13 두 색 칠하기.vcxproj", "{192BC9C1-7BB5-4A8E-9F33-FEC7658E5EA7}"
EndProject
Project("{8BC9CEB8-8B4A-11D0-8D11-00A0C91BC942}") = "3.14 maximum sum(S)", "3.14 maximum sum(S)\3.14 maximum sum(S).vcxproj", "{73DCF400-D3BE-4092-8D26-B292136FEC2F}"
EndProject
Project("{8BC9CEB8-8B4A-11D0-8D11-00A0C91BC942}") = "3.15 계단오르기 (DP 공부후 재풀이)", "3.15 계단오르기 (DP 공부후 재풀이)\3.15 계단오르기 (DP 공부후 재풀이).vcxproj", "{E9DA663F-2F06-47A3-9DB1-556683DBF785}"
EndProject
Project("{8BC9CEB8-8B4A-11D0-8D11-00A0C91BC942}") = "3.16 거스름돈 (DP 공부후 재풀이)", "3.16 거스름돈\3.16 거스름돈.vcxproj", "{0F8218E4-7E4F-4991-B176-706E5F33CD0F}"
EndProject
Project("{8BC9CEB8-8B4A-11D0-8D11-00A0C91BC942}") = "3.17 예산관리", "3.17 예산관리\3.17 예산관리.vcxproj", "{A6DDDB35-B90F-4024-B783-696544CE1EE8}"
EndProject
Project("{8BC9CEB8-8B4A-11D0-8D11-00A0C91BC942}") = "3.18 배낭", "3.18 배낭\3.18 배낭.vcxproj", "{310B5B83-F530-4573-BA47-FBAE74ADF2D4}"
EndProject
Global
	GlobalSection(SolutionConfigurationPlatforms) = preSolution
		Debug|x64 = Debug|x64
		Debug|x86 = Debug|x86
		Release|x64 = Release|x64
		Release|x86 = Release|x86
	EndGlobalSection
	GlobalSection(ProjectConfigurationPlatforms) = postSolution
		{CD0AAD8C-43F0-4963-A6AC-60F24B7AEB93}.Debug|x64.ActiveCfg = Debug|x64
		{CD0AAD8C-43F0-4963-A6AC-60F24B7AEB93}.Debug|x64.Build.0 = Debug|x64
		{CD0AAD8C-43F0-4963-A6AC-60F24B7AEB93}.Debug|x86.ActiveCfg = Debug|Win32
		{CD0AAD8C-43F0-4963-A6AC-60F24B7AEB93}.Debug|x86.Build.0 = Debug|Win32
		{CD0AAD8C-43F0-4963-A6AC-60F24B7AEB93}.Release|x64.ActiveCfg = Release|x64
		{CD0AAD8C-43F0-4963-A6AC-60F24B7AEB93}.Release|x64.Build.0 = Release|x64
		{CD0AAD8C-43F0-4963-A6AC-60F24B7AEB93}.Release|x86.ActiveCfg = Release|Win32
		{CD0AAD8C-43F0-4963-A6AC-60F24B7AEB93}.Release|x86.Build.0 = Release|Win32
		{107B69DB-E67B-4E83-9595-17AA25516948}.Debug|x64.ActiveCfg = Debug|x64
		{107B69DB-E67B-4E83-9595-17AA25516948}.Debug|x64.Build.0 = Debug|x64
		{107B69DB-E67B-4E83-9595-17AA25516948}.Debug|x86.ActiveCfg = Debug|Win32
		{107B69DB-E67B-4E83-9595-17AA25516948}.Debug|x86.Build.0 = Debug|Win32
		{107B69DB-E67B-4E83-9595-17AA25516948}.Release|x64.ActiveCfg = Release|x64
		{107B69DB-E67B-4E83-9595-17AA25516948}.Release|x64.Build.0 = Release|x64
		{107B69DB-E67B-4E83-9595-17AA25516948}.Release|x86.ActiveCfg = Release|Win32
		{107B69DB-E67B-4E83-9595-17AA25516948}.Release|x86.Build.0 = Release|Win32
		{1684D44B-5A5D-46C5-828A-5DF37CDB741D}.Debug|x64.ActiveCfg = Debug|x64
		{1684D44B-5A5D-46C5-828A-5DF37CDB741D}.Debug|x64.Build.0 = Debug|x64
		{1684D44B-5A5D-46C5-828A-5DF37CDB741D}.Debug|x86.ActiveCfg = Debug|Win32
		{1684D44B-5A5D-46C5-828A-5DF37CDB741D}.Debug|x86.Build.0 = Debug|Win32
		{1684D44B-5A5D-46C5-828A-5DF37CDB741D}.Release|x64.ActiveCfg = Release|x64
		{1684D44B-5A5D-46C5-828A-5DF37CDB741D}.Release|x64.Build.0 = Release|x64
		{1684D44B-5A5D-46C5-828A-5DF37CDB741D}.Release|x86.ActiveCfg = Release|Win32
		{1684D44B-5A5D-46C5-828A-5DF37CDB741D}.Release|x86.Build.0 = Release|Win32
		{3BA819FD-5325-43DB-B6B1-985D4242779B}.Debug|x64.ActiveCfg = Debug|x64
		{3BA819FD-5325-43DB-B6B1-985D4242779B}.Debug|x64.Build.0 = Debug|x64
		{3BA819FD-5325-43DB-B6B1-985D4242779B}.Debug|x86.ActiveCfg = Debug|Win32
		{3BA819FD-5325-43DB-B6B1-985D4242779B}.Debug|x86.Build.0 = Debug|Win32
		{3BA819FD-5325-43DB-B6B1-985D4242779B}.Release|x64.ActiveCfg = Release|x64
		{3BA819FD-5325-43DB-B6B1-985D4242779B}.Release|x64.Build.0 = Release|x64
		{3BA819FD-5325-43DB-B6B1-985D4242779B}.Release|x86.ActiveCfg = Release|Win32
		{3BA819FD-5325-43DB-B6B1-985D4242779B}.Release|x86.Build.0 = Release|Win32
		{762E6DB2-6CBB-4514-8A98-1ED986346189}.Debug|x64.ActiveCfg = Debug|x64
		{762E6DB2-6CBB-4514-8A98-1ED986346189}.Debug|x64.Build.0 = Debug|x64
		{762E6DB2-6CBB-4514-8A98-1ED986346189}.Debug|x86.ActiveCfg = Debug|Win32
		{762E6DB2-6CBB-4514-8A98-1ED986346189}.Debug|x86.Build.0 = Debug|Win32
		{762E6DB2-6CBB-4514-8A98-1ED986346189}.Release|x64.ActiveCfg = Release|x64
		{762E6DB2-6CBB-4514-8A98-1ED986346189}.Release|x64.Build.0 = Release|x64
		{762E6DB2-6CBB-4514-8A98-1ED986346189}.Release|x86.ActiveCfg = Release|Win32
		{762E6DB2-6CBB-4514-8A98-1ED986346189}.Release|x86.Build.0 = Release|Win32
		{4206966B-5BD5-46F2-B6E1-B04FDE0AB355}.Debug|x64.ActiveCfg = Debug|x64
		{4206966B-5BD5-46F2-B6E1-B04FDE0AB355}.Debug|x64.Build.0 = Debug|x64
		{4206966B-5BD5-46F2-B6E1-B04FDE0AB355}.Debug|x86.ActiveCfg = Debug|Win32
		{4206966B-5BD5-46F2-B6E1-B04FDE0AB355}.Debug|x86.Build.0 = Debug|Win32
		{4206966B-5BD5-46F2-B6E1-B04FDE0AB355}.Release|x64.ActiveCfg = Release|x64
		{4206966B-5BD5-46F2-B6E1-B04FDE0AB355}.Release|x64.Build.0 = Release|x64
		{4206966B-5BD5-46F2-B6E1-B04FDE0AB355}.Release|x86.ActiveCfg = Release|Win32
		{4206966B-5BD5-46F2-B6E1-B04FDE0AB355}.Release|x86.Build.0 = Release|Win32
		{B829D4B9-99C4-46D3-BFC0-8F6929FA4036}.Debug|x64.ActiveCfg = Debug|x64
		{B829D4B9-99C4-46D3-BFC0-8F6929FA4036}.Debug|x64.Build.0 = Debug|x64
		{B829D4B9-99C4-46D3-BFC0-8F6929FA4036}.Debug|x86.ActiveCfg = Debug|Win32
		{B829D4B9-99C4-46D3-BFC0-8F6929FA4036}.Debug|x86.Build.0 = Debug|Win32
		{B829D4B9-99C4-46D3-BFC0-8F6929FA4036}.Release|x64.ActiveCfg = Release|x64
		{B829D4B9-99C4-46D3-BFC0-8F6929FA4036}.Release|x64.Build.0 = Release|x64
		{B829D4B9-99C4-46D3-BFC0-8F6929FA4036}.Release|x86.ActiveCfg = Release|Win32
		{B829D4B9-99C4-46D3-BFC0-8F6929FA4036}.Release|x86.Build.0 = Release|Win32
		{AFB23C89-98E2-4A3B-B9DE-06C76826129D}.Debug|x64.ActiveCfg = Debug|x64
		{AFB23C89-98E2-4A3B-B9DE-06C76826129D}.Debug|x64.Build.0 = Debug|x64
		{AFB23C89-98E2-4A3B-B9DE-06C76826129D}.Debug|x86.ActiveCfg = Debug|Win32
		{AFB23C89-98E2-4A3B-B9DE-06C76826129D}.Debug|x86.Build.0 = Debug|Win32
		{AFB23C89-98E2-4A3B-B9DE-06C76826129D}.Release|x64.ActiveCfg = Release|x64
		{AFB23C89-98E2-4A3B-B9DE-06C76826129D}.Release|x64.Build.0 = Release|x64
		{AFB23C89-98E2-4A3B-B9DE-06C76826129D}.Release|x86.ActiveCfg = Release|Win32
		{AFB23C89-98E2-4A3B-B9DE-06C76826129D}.Release|x86.Build.0 = Release|Win32
		{AD102EF3-9E21-4029-8618-C81B61DC4023}.Debug|x64.ActiveCfg = Debug|x64
		{AD102EF3-9E21-4029-8618-C81B61DC4023}.Debug|x64.Build.0 = Debug|x64
		{AD102EF3-9E21-4029-8618-C81B61DC4023}.Debug|x86.ActiveCfg = Debug|Win32
		{AD102EF3-9E21-4029-8618-C81B61DC4023}.Debug|x86.Build.0 = Debug|Win32
		{AD102EF3-9E21-4029-8618-C81B61DC4023}.Release|x64.ActiveCfg = Release|x64
		{AD102EF3-9E21-4029-8618-C81B61DC4023}.Release|x64.Build.0 = Release|x64
		{AD102EF3-9E21-4029-8618-C81B61DC4023}.Release|x86.ActiveCfg = Release|Win32
		{AD102EF3-9E21-4029-8618-C81B61DC4023}.Release|x86.Build.0 = Release|Win32
		{EFB61AE2-EDDD-40CF-99ED-80BAAF54970D}.Debug|x64.ActiveCfg = Debug|x64
		{EFB61AE2-EDDD-40CF-99ED-80BAAF54970D}.Debug|x64.Build.0 = Debug|x64
		{EFB61AE2-EDDD-40CF-99ED-80BAAF54970D}.Debug|x86.ActiveCfg = Debug|Win32
		{EFB61AE2-EDDD-40CF-99ED-80BAAF54970D}.Debug|x86.Build.0 = Debug|Win32
		{EFB61AE2-EDDD-40CF-99ED-80BAAF54970D}.Release|x64.ActiveCfg = Release|x64
		{EFB61AE2-EDDD-40CF-99ED-80BAAF54970D}.Release|x64.Build.0 = Release|x64
		{EFB61AE2-EDDD-40CF-99ED-80BAAF54970D}.Release|x86.ActiveCfg = Release|Win32
		{EFB61AE2-EDDD-40CF-99ED-80BAAF54970D}.Release|x86.Build.0 = Release|Win32
		{5BACB3B9-2586-4B7E-9DF8-29689D98DF92}.Debug|x64.ActiveCfg = Debug|x64
		{5BACB3B9-2586-4B7E-9DF8-29689D98DF92}.Debug|x64.Build.0 = Debug|x64
		{5BACB3B9-2586-4B7E-9DF8-29689D98DF92}.Debug|x86.ActiveCfg = Debug|Win32
		{5BACB3B9-2586-4B7E-9DF8-29689D98DF92}.Debug|x86.Build.0 = Debug|Win32
		{5BACB3B9-2586-4B7E-9DF8-29689D98DF92}.Release|x64.ActiveCfg = Release|x64
		{5BACB3B9-2586-4B7E-9DF8-29689D98DF92}.Release|x64.Build.0 = Release|x64
		{5BACB3B9-2586-4B7E-9DF8-29689D98DF92}.Release|x86.ActiveCfg = Release|Win32
		{5BACB3B9-2586-4B7E-9DF8-29689D98DF92}.Release|x86.Build.0 = Release|Win32
		{B3294C95-97BD-428E-9BCC-D9052AF96CC8}.Debug|x64.ActiveCfg = Debug|x64
		{B3294C95-97BD-428E-9BCC-D9052AF96CC8}.Debug|x64.Build.0 = Debug|x64
		{B3294C95-97BD-428E-9BCC-D9052AF96CC8}.Debug|x86.ActiveCfg = Debug|Win32
		{B3294C95-97BD-428E-9BCC-D9052AF96CC8}.Debug|x86.Build.0 = Debug|Win32
		{B3294C95-97BD-428E-9BCC-D9052AF96CC8}.Release|x64.ActiveCfg = Release|x64
		{B3294C95-97BD-428E-9BCC-D9052AF96CC8}.Release|x64.Build.0 = Release|x64
		{B3294C95-97BD-428E-9BCC-D9052AF96CC8}.Release|x86.ActiveCfg = Release|Win32
		{B3294C95-97BD-428E-9BCC-D9052AF96CC8}.Release|x86.Build.0 = Release|Win32
		{2237C397-3549-40B5-98BC-3AA2CD2FFD89}.Debug|x64.ActiveCfg = Debug|x64
		{2237C397-3549-40B5-98BC-3AA2CD2FFD89}.Debug|x64.Build.0 = Debug|x64
		{2237C397-3549-40B5-98BC-3AA2CD2FFD89}.Debug|x86.ActiveCfg = Debug|Win32
		{2237C397-3549-40B5-98BC-3AA2CD2FFD89}.Debug|x86.Build.0 = Debug|Win32
		{2237C397-3549-40B5-98BC-3AA2CD2FFD89}.Release|x64.ActiveCfg = Release|x64
		{2237C397-3549-40B5-98BC-3AA2CD2FFD89}.Release|x64.Build.0 = Release|x64
		{2237C397-3549-40B5-98BC-3AA2CD2FFD89}.Release|x86.ActiveCfg = Release|Win32
		{2237C397-3549-40B5-98BC-3AA2CD2FFD89}.Release|x86.Build.0 = Release|Win32
		{EDC95AD0-7299-41C5-B983-AEE0E909BCEF}.Debug|x64.ActiveCfg = Debug|x64
		{EDC95AD0-7299-41C5-B983-AEE0E909BCEF}.Debug|x64.Build.0 = Debug|x64
		{EDC95AD0-7299-41C5-B983-AEE0E909BCEF}.Debug|x86.ActiveCfg = Debug|Win32
		{EDC95AD0-7299-41C5-B983-AEE0E909BCEF}.Debug|x86.Build.0 = Debug|Win32
		{EDC95AD0-7299-41C5-B983-AEE0E909BCEF}.Release|x64.ActiveCfg = Release|x64
		{EDC95AD0-7299-41C5-B983-AEE0E909BCEF}.Release|x64.Build.0 = Release|x64
		{EDC95AD0-7299-41C5-B983-AEE0E909BCEF}.Release|x86.ActiveCfg = Release|Win32
		{EDC95AD0-7299-41C5-B983-AEE0E909BCEF}.Release|x86.Build.0 = Release|Win32
		{51AD5543-DB86-4DA8-9284-47EDE9F9F0AF}.Debug|x64.ActiveCfg = Debug|x64
		{51AD5543-DB86-4DA8-9284-47EDE9F9F0AF}.Debug|x64.Build.0 = Debug|x64
		{51AD5543-DB86-4DA8-9284-47EDE9F9F0AF}.Debug|x86.ActiveCfg = Debug|Win32
		{51AD5543-DB86-4DA8-9284-47EDE9F9F0AF}.Debug|x86.Build.0 = Debug|Win32
		{51AD5543-DB86-4DA8-9284-47EDE9F9F0AF}.Release|x64.ActiveCfg = Release|x64
		{51AD5543-DB86-4DA8-9284-47EDE9F9F0AF}.Release|x64.Build.0 = Release|x64
		{51AD5543-DB86-4DA8-9284-47EDE9F9F0AF}.Release|x86.ActiveCfg = Release|Win32
		{51AD5543-DB86-4DA8-9284-47EDE9F9F0AF}.Release|x86.Build.0 = Release|Win32
		{4EAC0FFD-05D3-4F26-9DE2-0A2006E6851F}.Debug|x64.ActiveCfg = Debug|x64
		{4EAC0FFD-05D3-4F26-9DE2-0A2006E6851F}.Debug|x64.Build.0 = Debug|x64
		{4EAC0FFD-05D3-4F26-9DE2-0A2006E6851F}.Debug|x86.ActiveCfg = Debug|Win32
		{4EAC0FFD-05D3-4F26-9DE2-0A2006E6851F}.Debug|x86.Build.0 = Debug|Win32
		{4EAC0FFD-05D3-4F26-9DE2-0A2006E6851F}.Release|x64.ActiveCfg = Release|x64
		{4EAC0FFD-05D3-4F26-9DE2-0A2006E6851F}.Release|x64.Build.0 = Release|x64
		{4EAC0FFD-05D3-4F26-9DE2-0A2006E6851F}.Release|x86.ActiveCfg = Release|Win32
		{4EAC0FFD-05D3-4F26-9DE2-0A2006E6851F}.Release|x86.Build.0 = Release|Win32
		{2CA73593-140E-4401-95FD-5820D045E720}.Debug|x64.ActiveCfg = Debug|x64
		{2CA73593-140E-4401-95FD-5820D045E720}.Debug|x64.Build.0 = Debug|x64
		{2CA73593-140E-4401-95FD-5820D045E720}.Debug|x86.ActiveCfg = Debug|Win32
		{2CA73593-140E-4401-95FD-5820D045E720}.Debug|x86.Build.0 = Debug|Win32
		{2CA73593-140E-4401-95FD-5820D045E720}.Release|x64.ActiveCfg = Release|x64
		{2CA73593-140E-4401-95FD-5820D045E720}.Release|x64.Build.0 = Release|x64
		{2CA73593-140E-4401-95FD-5820D045E720}.Release|x86.ActiveCfg = Release|Win32
		{2CA73593-140E-4401-95FD-5820D045E720}.Release|x86.Build.0 = Release|Win32
		{D9B17924-CDD5-4D80-B13E-E9B149312499}.Debug|x64.ActiveCfg = Debug|x64
		{D9B17924-CDD5-4D80-B13E-E9B149312499}.Debug|x64.Build.0 = Debug|x64
		{D9B17924-CDD5-4D80-B13E-E9B149312499}.Debug|x86.ActiveCfg = Debug|Win32
		{D9B17924-CDD5-4D80-B13E-E9B149312499}.Debug|x86.Build.0 = Debug|Win32
		{D9B17924-CDD5-4D80-B13E-E9B149312499}.Release|x64.ActiveCfg = Release|x64
		{D9B17924-CDD5-4D80-B13E-E9B149312499}.Release|x64.Build.0 = Release|x64
		{D9B17924-CDD5-4D80-B13E-E9B149312499}.Release|x86.ActiveCfg = Release|Win32
		{D9B17924-CDD5-4D80-B13E-E9B149312499}.Release|x86.Build.0 = Release|Win32
		{65DA3761-6096-4545-BDE6-8B00FA29D582}.Debug|x64.ActiveCfg = Debug|x64
		{65DA3761-6096-4545-BDE6-8B00FA29D582}.Debug|x64.Build.0 = Debug|x64
		{65DA3761-6096-4545-BDE6-8B00FA29D582}.Debug|x86.ActiveCfg = Debug|Win32
		{65DA3761-6096-4545-BDE6-8B00FA29D582}.Debug|x86.Build.0 = Debug|Win32
		{65DA3761-6096-4545-BDE6-8B00FA29D582}.Release|x64.ActiveCfg = Release|x64
		{65DA3761-6096-4545-BDE6-8B00FA29D582}.Release|x64.Build.0 = Release|x64
		{65DA3761-6096-4545-BDE6-8B00FA29D582}.Release|x86.ActiveCfg = Release|Win32
		{65DA3761-6096-4545-BDE6-8B00FA29D582}.Release|x86.Build.0 = Release|Win32
		{61851595-51B6-493E-B86D-BF98B00C1E2A}.Debug|x64.ActiveCfg = Debug|x64
		{61851595-51B6-493E-B86D-BF98B00C1E2A}.Debug|x64.Build.0 = Debug|x64
		{61851595-51B6-493E-B86D-BF98B00C1E2A}.Debug|x86.ActiveCfg = Debug|Win32
		{61851595-51B6-493E-B86D-BF98B00C1E2A}.Debug|x86.Build.0 = Debug|Win32
		{61851595-51B6-493E-B86D-BF98B00C1E2A}.Release|x64.ActiveCfg = Release|x64
		{61851595-51B6-493E-B86D-BF98B00C1E2A}.Release|x64.Build.0 = Release|x64
		{61851595-51B6-493E-B86D-BF98B00C1E2A}.Release|x86.ActiveCfg = Release|Win32
		{61851595-51B6-493E-B86D-BF98B00C1E2A}.Release|x86.Build.0 = Release|Win32
		{E6BAB5F4-3240-42CB-911B-6BF8FDFF1216}.Debug|x64.ActiveCfg = Debug|x64
		{E6BAB5F4-3240-42CB-911B-6BF8FDFF1216}.Debug|x64.Build.0 = Debug|x64
		{E6BAB5F4-3240-42CB-911B-6BF8FDFF1216}.Debug|x86.ActiveCfg = Debug|Win32
		{E6BAB5F4-3240-42CB-911B-6BF8FDFF1216}.Debug|x86.Build.0 = Debug|Win32
		{E6BAB5F4-3240-42CB-911B-6BF8FDFF1216}.Release|x64.ActiveCfg = Release|x64
		{E6BAB5F4-3240-42CB-911B-6BF8FDFF1216}.Release|x64.Build.0 = Release|x64
		{E6BAB5F4-3240-42CB-911B-6BF8FDFF1216}.Release|x86.ActiveCfg = Release|Win32
		{E6BAB5F4-3240-42CB-911B-6BF8FDFF1216}.Release|x86.Build.0 = Release|Win32
		{9AF3E7FA-DFEC-423F-B0C7-D37AB1848AB2}.Debug|x64.ActiveCfg = Debug|x64
		{9AF3E7FA-DFEC-423F-B0C7-D37AB1848AB2}.Debug|x64.Build.0 = Debug|x64
		{9AF3E7FA-DFEC-423F-B0C7-D37AB1848AB2}.Debug|x86.ActiveCfg = Debug|Win32
		{9AF3E7FA-DFEC-423F-B0C7-D37AB1848AB2}.Debug|x86.Build.0 = Debug|Win32
		{9AF3E7FA-DFEC-423F-B0C7-D37AB1848AB2}.Release|x64.ActiveCfg = Release|x64
		{9AF3E7FA-DFEC-423F-B0C7-D37AB1848AB2}.Release|x64.Build.0 = Release|x64
		{9AF3E7FA-DFEC-423F-B0C7-D37AB1848AB2}.Release|x86.ActiveCfg = Release|Win32
		{9AF3E7FA-DFEC-423F-B0C7-D37AB1848AB2}.Release|x86.Build.0 = Release|Win32
		{51C7CF89-B0D2-4289-A514-6175D37F68E5}.Debug|x64.ActiveCfg = Debug|x64
		{51C7CF89-B0D2-4289-A514-6175D37F68E5}.Debug|x64.Build.0 = Debug|x64
		{51C7CF89-B0D2-4289-A514-6175D37F68E5}.Debug|x86.ActiveCfg = Debug|Win32
		{51C7CF89-B0D2-4289-A514-6175D37F68E5}.Debug|x86.Build.0 = Debug|Win32
		{51C7CF89-B0D2-4289-A514-6175D37F68E5}.Release|x64.ActiveCfg = Release|x64
		{51C7CF89-B0D2-4289-A514-6175D37F68E5}.Release|x64.Build.0 = Release|x64
		{51C7CF89-B0D2-4289-A514-6175D37F68E5}.Release|x86.ActiveCfg = Release|Win32
		{51C7CF89-B0D2-4289-A514-6175D37F68E5}.Release|x86.Build.0 = Release|Win32
		{D2E5AB6C-D297-48CA-8C78-D07152C33B32}.Debug|x64.ActiveCfg = Debug|x64
		{D2E5AB6C-D297-48CA-8C78-D07152C33B32}.Debug|x64.Build.0 = Debug|x64
		{D2E5AB6C-D297-48CA-8C78-D07152C33B32}.Debug|x86.ActiveCfg = Debug|Win32
		{D2E5AB6C-D297-48CA-8C78-D07152C33B32}.Debug|x86.Build.0 = Debug|Win32
		{D2E5AB6C-D297-48CA-8C78-D07152C33B32}.Release|x64.ActiveCfg = Release|x64
		{D2E5AB6C-D297-48CA-8C78-D07152C33B32}.Release|x64.Build.0 = Release|x64
		{D2E5AB6C-D297-48CA-8C78-D07152C33B32}.Release|x86.ActiveCfg = Release|Win32
		{D2E5AB6C-D297-48CA-8C78-D07152C33B32}.Release|x86.Build.0 = Release|Win32
		{40647987-6725-40F6-8DD2-7B7D11EB750E}.Debug|x64.ActiveCfg = Debug|x64
		{40647987-6725-40F6-8DD2-7B7D11EB750E}.Debug|x64.Build.0 = Debug|x64
		{40647987-6725-40F6-8DD2-7B7D11EB750E}.Debug|x86.ActiveCfg = Debug|Win32
		{40647987-6725-40F6-8DD2-7B7D11EB750E}.Debug|x86.Build.0 = Debug|Win32
		{40647987-6725-40F6-8DD2-7B7D11EB750E}.Release|x64.ActiveCfg = Release|x64
		{40647987-6725-40F6-8DD2-7B7D11EB750E}.Release|x64.Build.0 = Release|x64
		{40647987-6725-40F6-8DD2-7B7D11EB750E}.Release|x86.ActiveCfg = Release|Win32
		{40647987-6725-40F6-8DD2-7B7D11EB750E}.Release|x86.Build.0 = Release|Win32
		{192BC9C1-7BB5-4A8E-9F33-FEC7658E5EA7}.Debug|x64.ActiveCfg = Debug|x64
		{192BC9C1-7BB5-4A8E-9F33-FEC7658E5EA7}.Debug|x64.Build.0 = Debug|x64
		{192BC9C1-7BB5-4A8E-9F33-FEC7658E5EA7}.Debug|x86.ActiveCfg = Debug|Win32
		{192BC9C1-7BB5-4A8E-9F33-FEC7658E5EA7}.Debug|x86.Build.0 = Debug|Win32
		{192BC9C1-7BB5-4A8E-9F33-FEC7658E5EA7}.Release|x64.ActiveCfg = Release|x64
		{192BC9C1-7BB5-4A8E-9F33-FEC7658E5EA7}.Release|x64.Build.0 = Release|x64
		{192BC9C1-7BB5-4A8E-9F33-FEC7658E5EA7}.Release|x86.ActiveCfg = Release|Win32
		{192BC9C1-7BB5-4A8E-9F33-FEC7658E5EA7}.Release|x86.Build.0 = Release|Win32
		{73DCF400-D3BE-4092-8D26-B292136FEC2F}.Debug|x64.ActiveCfg = Debug|x64
		{73DCF400-D3BE-4092-8D26-B292136FEC2F}.Debug|x64.Build.0 = Debug|x64
		{73DCF400-D3BE-4092-8D26-B292136FEC2F}.Debug|x86.ActiveCfg = Debug|Win32
		{73DCF400-D3BE-4092-8D26-B292136FEC2F}.Debug|x86.Build.0 = Debug|Win32
		{73DCF400-D3BE-4092-8D26-B292136FEC2F}.Release|x64.ActiveCfg = Release|x64
		{73DCF400-D3BE-4092-8D26-B292136FEC2F}.Release|x64.Build.0 = Release|x64
		{73DCF400-D3BE-4092-8D26-B292136FEC2F}.Release|x86.ActiveCfg = Release|Win32
		{73DCF400-D3BE-4092-8D26-B292136FEC2F}.Release|x86.Build.0 = Release|Win32
		{E9DA663F-2F06-47A3-9DB1-556683DBF785}.Debug|x64.ActiveCfg = Debug|x64
		{E9DA663F-2F06-47A3-9DB1-556683DBF785}.Debug|x64.Build.0 = Debug|x64
		{E9DA663F-2F06-47A3-9DB1-556683DBF785}.Debug|x86.ActiveCfg = Debug|Win32
		{E9DA663F-2F06-47A3-9DB1-556683DBF785}.Debug|x86.Build.0 = Debug|Win32
		{E9DA663F-2F06-47A3-9DB1-556683DBF785}.Release|x64.ActiveCfg = Release|x64
		{E9DA663F-2F06-47A3-9DB1-556683DBF785}.Release|x64.Build.0 = Release|x64
		{E9DA663F-2F06-47A3-9DB1-556683DBF785}.Release|x86.ActiveCfg = Release|Win32
		{E9DA663F-2F06-47A3-9DB1-556683DBF785}.Release|x86.Build.0 = Release|Win32
		{0F8218E4-7E4F-4991-B176-706E5F33CD0F}.Debug|x64.ActiveCfg = Debug|x64
		{0F8218E4-7E4F-4991-B176-706E5F33CD0F}.Debug|x64.Build.0 = Debug|x64
		{0F8218E4-7E4F-4991-B176-706E5F33CD0F}.Debug|x86.ActiveCfg = Debug|Win32
		{0F8218E4-7E4F-4991-B176-706E5F33CD0F}.Debug|x86.Build.0 = Debug|Win32
		{0F8218E4-7E4F-4991-B176-706E5F33CD0F}.Release|x64.ActiveCfg = Release|x64
		{0F8218E4-7E4F-4991-B176-706E5F33CD0F}.Release|x64.Build.0 = Release|x64
		{0F8218E4-7E4F-4991-B176-706E5F33CD0F}.Release|x86.ActiveCfg = Release|Win32
		{0F8218E4-7E4F-4991-B176-706E5F33CD0F}.Release|x86.Build.0 = Release|Win32
		{A6DDDB35-B90F-4024-B783-696544CE1EE8}.Debug|x64.ActiveCfg = Debug|x64
		{A6DDDB35-B90F-4024-B783-696544CE1EE8}.Debug|x64.Build.0 = Debug|x64
		{A6DDDB35-B90F-4024-B783-696544CE1EE8}.Debug|x86.ActiveCfg = Debug|Win32
		{A6DDDB35-B90F-4024-B783-696544CE1EE8}.Debug|x86.Build.0 = Debug|Win32
		{A6DDDB35-B90F-4024-B783-696544CE1EE8}.Release|x64.ActiveCfg = Release|x64
		{A6DDDB35-B90F-4024-B783-696544CE1EE8}.Release|x64.Build.0 = Release|x64
		{A6DDDB35-B90F-4024-B783-696544CE1EE8}.Release|x86.ActiveCfg = Release|Win32
		{A6DDDB35-B90F-4024-B783-696544CE1EE8}.Release|x86.Build.0 = Release|Win32
		{310B5B83-F530-4573-BA47-FBAE74ADF2D4}.Debug|x64.ActiveCfg = Debug|x64
		{310B5B83-F530-4573-BA47-FBAE74ADF2D4}.Debug|x64.Build.0 = Debug|x64
		{310B5B83-F530-4573-BA47-FBAE74ADF2D4}.Debug|x86.ActiveCfg = Debug|Win32
		{310B5B83-F530-4573-BA47-FBAE74ADF2D4}.Debug|x86.Build.0 = Debug|Win32
		{310B5B83-F530-4573-BA47-FBAE74ADF2D4}.Release|x64.ActiveCfg = Release|x64
		{310B5B83-F530-4573-BA47-FBAE74ADF2D4}.Release|x64.Build.0 = Release|x64
		{310B5B83-F530-4573-BA47-FBAE74ADF2D4}.Release|x86.ActiveCfg = Release|Win32
		{310B5B83-F530-4573-BA47-FBAE74ADF2D4}.Release|x86.Build.0 = Release|Win32
	EndGlobalSection
	GlobalSection(SolutionProperties) = preSolution
		HideSolutionNode = FALSE
	EndGlobalSection
	GlobalSection(ExtensibilityGlobals) = postSolution
		SolutionGuid = {54DB36B9-C4B4-4D0F-BEEB-FBCAB99E515D}
	EndGlobalSection
EndGlobal
